
Microsoft Visual Studio Solution File, Format Version 12.00
# Visual Studio 15
VisualStudioVersion = 15.0.28010.2041
MinimumVisualStudioVersion = 10.0.40219.1
Project("{8BC9CEB8-8B4A-11D0-8D11-00A0C91BC942}") = "selfVector", "selfVector\selfVector.vcxproj", "{3C078AB7-D715-40A9-8AE6-BA179C7E01A2}"
EndProject
Global
	GlobalSection(SolutionConfigurationPlatforms) = preSolution
		Debug|x64 = Debug|x64
		Debug|x86 = Debug|x86
		Release|x64 = Release|x64
		Release|x86 = Release|x86
	EndGlobalSection
	GlobalSection(ProjectConfigurationPlatforms) = postSolution
		{3C078AB7-D715-40A9-8AE6-BA179C7E01A2}.Debug|x64.ActiveCfg = Debug|x64
		{3C078AB7-D715-40A9-8AE6-BA179C7E01A2}.Debug|x64.Build.0 = Debug|x64
		{3C078AB7-D715-40A9-8AE6-BA179C7E01A2}.Debug|x86.ActiveCfg = Debug|Win32
		{3C078AB7-D715-40A9-8AE6-BA179C7E01A2}.Debug|x86.Build.0 = Debug|Win32
		{3C078AB7-D715-40A9-8AE6-BA179C7E01A2}.Release|x64.ActiveCfg = Release|x64
		{3C078AB7-D715-40A9-8AE6-BA179C7E01A2}.Release|x64.Build.0 = Release|x64
		{3C078AB7-D715-40A9-8AE6-BA179C7E01A2}.Release|x86.ActiveCfg = Release|Win32
		{3C078AB7-D715-40A9-8AE6-BA179C7E01A2}.Release|x86.Build.0 = Release|Win32
	EndGlobalSection
	GlobalSection(SolutionProperties) = preSolution
		HideSolutionNode = FALSE
	EndGlobalSection
	GlobalSection(ExtensibilityGlobals) = postSolution
		SolutionGuid = {34566748-E28F-4936-83AF-2F47D0AC40E0}
	EndGlobalSection
EndGlobal
